
Microsoft Visual Studio Solution File, Format Version 12.00
# Visual Studio Version 17
VisualStudioVersion = 17.4.33403.182
MinimumVisualStudioVersion = 10.0.40219.1
Project("{FAE04EC0-301F-11D3-BF4B-00C04F79EFBC}") = "WebProject", "WebProject\WebProject.csproj", "{EAEA167B-3EE1-46CE-BCE3-F47ACBCBA5DC}"
EndProject
Global
	GlobalSection(SolutionConfigurationPlatforms) = preSolution
		Debug|Any CPU = Debug|Any CPU
		Release|Any CPU = Release|Any CPU
	EndGlobalSection
	GlobalSection(ProjectConfigurationPlatforms) = postSolution
		{EAEA167B-3EE1-46CE-BCE3-F47ACBCBA5DC}.Debug|Any CPU.ActiveCfg = Debug|Any CPU
		{EAEA167B-3EE1-46CE-BCE3-F47ACBCBA5DC}.Debug|Any CPU.Build.0 = Debug|Any CPU
		{EAEA167B-3EE1-46CE-BCE3-F47ACBCBA5DC}.Release|Any CPU.ActiveCfg = Release|Any CPU
		{EAEA167B-3EE1-46CE-BCE3-F47ACBCBA5DC}.Release|Any CPU.Build.0 = Release|Any CPU
	EndGlobalSection
	GlobalSection(SolutionProperties) = preSolution
		HideSolutionNode = FALSE
	EndGlobalSection
	GlobalSection(ExtensibilityGlobals) = postSolution
		SolutionGuid = {22FC6989-38FE-48B5-BAAA-32627E0AEFB1}
	EndGlobalSection
EndGlobal
